
Microsoft Visual Studio Solution File, Format Version 12.00
# Visual Studio Version 17
VisualStudioVersion = 17.5.33516.290
MinimumVisualStudioVersion = 10.0.40219.1
Project("{FAE04EC0-301F-11D3-BF4B-00C04F79EFBC}") = "Proyecto2", "Proyecto2\Proyecto2.csproj", "{271D6088-7321-4CFB-AB8B-150E26BBA95A}"
EndProject
Global
	GlobalSection(SolutionConfigurationPlatforms) = preSolution
		Debug|Any CPU = Debug|Any CPU
		Release|Any CPU = Release|Any CPU
	EndGlobalSection
	GlobalSection(ProjectConfigurationPlatforms) = postSolution
		{271D6088-7321-4CFB-AB8B-150E26BBA95A}.Debug|Any CPU.ActiveCfg = Debug|Any CPU
		{271D6088-7321-4CFB-AB8B-150E26BBA95A}.Debug|Any CPU.Build.0 = Debug|Any CPU
		{271D6088-7321-4CFB-AB8B-150E26BBA95A}.Release|Any CPU.ActiveCfg = Release|Any CPU
		{271D6088-7321-4CFB-AB8B-150E26BBA95A}.Release|Any CPU.Build.0 = Release|Any CPU
	EndGlobalSection
	GlobalSection(SolutionProperties) = preSolution
		HideSolutionNode = FALSE
	EndGlobalSection
	GlobalSection(ExtensibilityGlobals) = postSolution
		SolutionGuid = {C740139B-C460-4B6F-8362-72E042F98294}
	EndGlobalSection
EndGlobal
